
Microsoft Visual Studio Solution File, Format Version 12.00
# Visual Studio Version 17
VisualStudioVersion = 17.0.31912.275
MinimumVisualStudioVersion = 10.0.40219.1
Project("{FAE04EC0-301F-11D3-BF4B-00C04F79EFBC}") = "Booking.API", "Booking.API\Booking.API.csproj", "{3B6CB7E2-7772-42CD-B9B5-C8C959303F2A}"
EndProject
Project("{FAE04EC0-301F-11D3-BF4B-00C04F79EFBC}") = "Booking.Domain", "Booking.Domain\Booking.Domain.csproj", "{03ACA9F2-50C4-49B2-A4A2-F4C3BDC765A7}"
EndProject
Project("{FAE04EC0-301F-11D3-BF4B-00C04F79EFBC}") = "Booking.Infrastructure", "Booking.Infrastructure\Booking.Infrastructure.csproj", "{92072CDC-0341-430A-A97E-1F3FB6329F76}"
EndProject
Global
	GlobalSection(SolutionConfigurationPlatforms) = preSolution
		Debug|Any CPU = Debug|Any CPU
		Release|Any CPU = Release|Any CPU
	EndGlobalSection
	GlobalSection(ProjectConfigurationPlatforms) = postSolution
		{3B6CB7E2-7772-42CD-B9B5-C8C959303F2A}.Debug|Any CPU.ActiveCfg = Debug|Any CPU
		{3B6CB7E2-7772-42CD-B9B5-C8C959303F2A}.Debug|Any CPU.Build.0 = Debug|Any CPU
		{3B6CB7E2-7772-42CD-B9B5-C8C959303F2A}.Release|Any CPU.ActiveCfg = Release|Any CPU
		{3B6CB7E2-7772-42CD-B9B5-C8C959303F2A}.Release|Any CPU.Build.0 = Release|Any CPU
		{03ACA9F2-50C4-49B2-A4A2-F4C3BDC765A7}.Debug|Any CPU.ActiveCfg = Debug|Any CPU
		{03ACA9F2-50C4-49B2-A4A2-F4C3BDC765A7}.Debug|Any CPU.Build.0 = Debug|Any CPU
		{03ACA9F2-50C4-49B2-A4A2-F4C3BDC765A7}.Release|Any CPU.ActiveCfg = Release|Any CPU
		{03ACA9F2-50C4-49B2-A4A2-F4C3BDC765A7}.Release|Any CPU.Build.0 = Release|Any CPU
		{92072CDC-0341-430A-A97E-1F3FB6329F76}.Debug|Any CPU.ActiveCfg = Debug|Any CPU
		{92072CDC-0341-430A-A97E-1F3FB6329F76}.Debug|Any CPU.Build.0 = Debug|Any CPU
		{92072CDC-0341-430A-A97E-1F3FB6329F76}.Release|Any CPU.ActiveCfg = Release|Any CPU
		{92072CDC-0341-430A-A97E-1F3FB6329F76}.Release|Any CPU.Build.0 = Release|Any CPU
	EndGlobalSection
	GlobalSection(SolutionProperties) = preSolution
		HideSolutionNode = FALSE
	EndGlobalSection
	GlobalSection(ExtensibilityGlobals) = postSolution
		SolutionGuid = {8AB75A02-3E5C-4E48-A159-EC2584D5D6CE}
	EndGlobalSection
EndGlobal
